
Microsoft Visual Studio Solution File, Format Version 12.00
# Visual Studio Version 17
VisualStudioVersion = 17.0.32112.339
MinimumVisualStudioVersion = 10.0.40219.1
Project("{FAE04EC0-301F-11D3-BF4B-00C04F79EFBC}") = "HashTable", "HashTable\HashTable.csproj", "{43B8F4F5-0437-4D02-8E5D-23092F191E7B}"
EndProject
Project("{FAE04EC0-301F-11D3-BF4B-00C04F79EFBC}") = "UC2", "UC2\UC2.csproj", "{BF414F70-6E22-4CC5-814C-A4D228CAFA18}"
EndProject
Project("{FAE04EC0-301F-11D3-BF4B-00C04F79EFBC}") = "UC3", "UC3\UC3.csproj", "{33ADF47C-D03E-4A9F-AC59-46D4851CCF14}"
EndProject
Global
	GlobalSection(SolutionConfigurationPlatforms) = preSolution
		Debug|Any CPU = Debug|Any CPU
		Release|Any CPU = Release|Any CPU
	EndGlobalSection
	GlobalSection(ProjectConfigurationPlatforms) = postSolution
		{43B8F4F5-0437-4D02-8E5D-23092F191E7B}.Debug|Any CPU.ActiveCfg = Debug|Any CPU
		{43B8F4F5-0437-4D02-8E5D-23092F191E7B}.Debug|Any CPU.Build.0 = Debug|Any CPU
		{43B8F4F5-0437-4D02-8E5D-23092F191E7B}.Release|Any CPU.ActiveCfg = Release|Any CPU
		{43B8F4F5-0437-4D02-8E5D-23092F191E7B}.Release|Any CPU.Build.0 = Release|Any CPU
		{BF414F70-6E22-4CC5-814C-A4D228CAFA18}.Debug|Any CPU.ActiveCfg = Debug|Any CPU
		{BF414F70-6E22-4CC5-814C-A4D228CAFA18}.Debug|Any CPU.Build.0 = Debug|Any CPU
		{BF414F70-6E22-4CC5-814C-A4D228CAFA18}.Release|Any CPU.ActiveCfg = Release|Any CPU
		{BF414F70-6E22-4CC5-814C-A4D228CAFA18}.Release|Any CPU.Build.0 = Release|Any CPU
		{33ADF47C-D03E-4A9F-AC59-46D4851CCF14}.Debug|Any CPU.ActiveCfg = Debug|Any CPU
		{33ADF47C-D03E-4A9F-AC59-46D4851CCF14}.Debug|Any CPU.Build.0 = Debug|Any CPU
		{33ADF47C-D03E-4A9F-AC59-46D4851CCF14}.Release|Any CPU.ActiveCfg = Release|Any CPU
		{33ADF47C-D03E-4A9F-AC59-46D4851CCF14}.Release|Any CPU.Build.0 = Release|Any CPU
	EndGlobalSection
	GlobalSection(SolutionProperties) = preSolution
		HideSolutionNode = FALSE
	EndGlobalSection
	GlobalSection(ExtensibilityGlobals) = postSolution
		SolutionGuid = {9E242868-E37A-42C1-ABED-BD14E55A0E75}
	EndGlobalSection
EndGlobal
